
Microsoft Visual Studio Solution File, Format Version 12.00
# Visual Studio Version 17
VisualStudioVersion = 17.7.34031.279
MinimumVisualStudioVersion = 10.0.40219.1
Project("{FAE04EC0-301F-11D3-BF4B-00C04F79EFBC}") = "TP2 DbFirst", "TP2 DbFirst\TP2 DbFirst.csproj", "{1A390085-3904-460E-9D36-8B767EA41821}"
EndProject
Global
	GlobalSection(SolutionConfigurationPlatforms) = preSolution
		Debug|Any CPU = Debug|Any CPU
		Release|Any CPU = Release|Any CPU
	EndGlobalSection
	GlobalSection(ProjectConfigurationPlatforms) = postSolution
		{1A390085-3904-460E-9D36-8B767EA41821}.Debug|Any CPU.ActiveCfg = Debug|Any CPU
		{1A390085-3904-460E-9D36-8B767EA41821}.Debug|Any CPU.Build.0 = Debug|Any CPU
		{1A390085-3904-460E-9D36-8B767EA41821}.Release|Any CPU.ActiveCfg = Release|Any CPU
		{1A390085-3904-460E-9D36-8B767EA41821}.Release|Any CPU.Build.0 = Release|Any CPU
	EndGlobalSection
	GlobalSection(SolutionProperties) = preSolution
		HideSolutionNode = FALSE
	EndGlobalSection
	GlobalSection(ExtensibilityGlobals) = postSolution
		SolutionGuid = {FFE5DD7F-E690-49DE-8494-697F4DE3F7F9}
	EndGlobalSection
EndGlobal
